
Microsoft Visual Studio Solution File, Format Version 12.00
# Visual Studio Version 17
VisualStudioVersion = 17.14.36127.28 d17.14
MinimumVisualStudioVersion = 10.0.40219.1
Project("{FAE04EC0-301F-11D3-BF4B-00C04F79EFBC}") = "SmartWordList", "SmartWordList\SmartWordList.csproj", "{5B1A0993-6CF7-424D-B726-867FDD162A6D}"
EndProject
Global
	GlobalSection(SolutionConfigurationPlatforms) = preSolution
		Debug|Any CPU = Debug|Any CPU
		Release|Any CPU = Release|Any CPU
	EndGlobalSection
	GlobalSection(ProjectConfigurationPlatforms) = postSolution
		{5B1A0993-6CF7-424D-B726-867FDD162A6D}.Debug|Any CPU.ActiveCfg = Debug|Any CPU
		{5B1A0993-6CF7-424D-B726-867FDD162A6D}.Debug|Any CPU.Build.0 = Debug|Any CPU
		{5B1A0993-6CF7-424D-B726-867FDD162A6D}.Release|Any CPU.ActiveCfg = Release|Any CPU
		{5B1A0993-6CF7-424D-B726-867FDD162A6D}.Release|Any CPU.Build.0 = Release|Any CPU
	EndGlobalSection
	GlobalSection(SolutionProperties) = preSolution
		HideSolutionNode = FALSE
	EndGlobalSection
	GlobalSection(ExtensibilityGlobals) = postSolution
		SolutionGuid = {A2C938F5-AADE-4EE7-A074-5D31D3D82CD9}
	EndGlobalSection
EndGlobal
